
Microsoft Visual Studio Solution File, Format Version 12.00
# Visual Studio Version 17
VisualStudioVersion = 17.3.32929.385
MinimumVisualStudioVersion = 10.0.40219.1
Project("{9A19103F-16F7-4668-BE54-9A1E7A4F7556}") = "ApiProyecto1002", "ApiProyecto1002\ApiProyecto1002.csproj", "{206B06AF-6E33-434C-BB69-2C1BC7B37787}"
EndProject
Global
	GlobalSection(SolutionConfigurationPlatforms) = preSolution
		Debug|Any CPU = Debug|Any CPU
		Release|Any CPU = Release|Any CPU
	EndGlobalSection
	GlobalSection(ProjectConfigurationPlatforms) = postSolution
		{206B06AF-6E33-434C-BB69-2C1BC7B37787}.Debug|Any CPU.ActiveCfg = Debug|Any CPU
		{206B06AF-6E33-434C-BB69-2C1BC7B37787}.Debug|Any CPU.Build.0 = Debug|Any CPU
		{206B06AF-6E33-434C-BB69-2C1BC7B37787}.Release|Any CPU.ActiveCfg = Release|Any CPU
		{206B06AF-6E33-434C-BB69-2C1BC7B37787}.Release|Any CPU.Build.0 = Release|Any CPU
	EndGlobalSection
	GlobalSection(SolutionProperties) = preSolution
		HideSolutionNode = FALSE
	EndGlobalSection
	GlobalSection(ExtensibilityGlobals) = postSolution
		SolutionGuid = {87DFB096-ADF3-4F58-9D35-87B5D3E1E018}
	EndGlobalSection
EndGlobal
